
Microsoft Visual Studio Solution File, Format Version 12.00
# Visual Studio Version 16
VisualStudioVersion = 16.0.33927.289
MinimumVisualStudioVersion = 10.0.40219.1
Project("{FAE04EC0-301F-11D3-BF4B-00C04F79EFBC}") = "Tyuiu.GoogeRA.Sprint0.Task0", "Tyuiu.GoogeRA.Sprint0.Task0\Tyuiu.GoogeRA.Sprint0.Task0.csproj", "{6C052A9D-11FD-4856-9566-642E67A09F0E}"
EndProject
Global
	GlobalSection(SolutionConfigurationPlatforms) = preSolution
		Debug|Any CPU = Debug|Any CPU
		Release|Any CPU = Release|Any CPU
	EndGlobalSection
	GlobalSection(ProjectConfigurationPlatforms) = postSolution
		{6C052A9D-11FD-4856-9566-642E67A09F0E}.Debug|Any CPU.ActiveCfg = Debug|Any CPU
		{6C052A9D-11FD-4856-9566-642E67A09F0E}.Debug|Any CPU.Build.0 = Debug|Any CPU
		{6C052A9D-11FD-4856-9566-642E67A09F0E}.Release|Any CPU.ActiveCfg = Release|Any CPU
		{6C052A9D-11FD-4856-9566-642E67A09F0E}.Release|Any CPU.Build.0 = Release|Any CPU
	EndGlobalSection
	GlobalSection(SolutionProperties) = preSolution
		HideSolutionNode = FALSE
	EndGlobalSection
	GlobalSection(ExtensibilityGlobals) = postSolution
		SolutionGuid = {09FC2946-0279-4297-8AFD-3052360D2954}
	EndGlobalSection
EndGlobal
