
Microsoft Visual Studio Solution File, Format Version 12.00
# Visual Studio Version 16
VisualStudioVersion = 16.0.33927.289
MinimumVisualStudioVersion = 10.0.40219.1
Project("{FAE04EC0-301F-11D3-BF4B-00C04F79EFBC}") = "Tyuiu.GoogeRA.Sprint0.Task0", "Tyuiu.GoogeRA.Sprint0.Task0\Tyuiu.GoogeRA.Sprint0.Task0.csproj", "{6C052A9D-11FD-4856-9566-642E67A09F0E}"
EndProject
Project("{2150E333-8FDC-42A3-9474-1A3956D46DE8}") = "Task0", "Task0", "{5EF27E06-B536-4B2D-8CEA-02BB77E235F9}"
EndProject
Project("{2150E333-8FDC-42A3-9474-1A3956D46DE8}") = "Task1", "Task1", "{A5DAF1EA-CCA2-44D0-BF5F-B800F9A9AA30}"
EndProject
Project("{FAE04EC0-301F-11D3-BF4B-00C04F79EFBC}") = "Tyuiu.GoogeRA.Sprint0.Task1.V0", "Tyuiu.GoogeRA.Sprint0.Task1.V0\Tyuiu.GoogeRA.Sprint0.Task1.V0.csproj", "{5995DE6C-5ED6-4564-BF1E-BEE1C3BF678E}"
EndProject
Project("{2150E333-8FDC-42A3-9474-1A3956D46DE8}") = "Task2", "Task2", "{614601E2-F8D6-4330-ABE3-CB736D6ECB29}"
EndProject
Project("{FAE04EC0-301F-11D3-BF4B-00C04F79EFBC}") = "Tyuiu.GoogeRA.Sprint0.Task2.V0", "Tyuiu.GoogeRA.Sprint0.Task2.V0\Tyuiu.GoogeRA.Sprint0.Task2.V0.csproj", "{799942A7-EC81-4579-93B1-421A1667E7E8}"
EndProject
Project("{FAE04EC0-301F-11D3-BF4B-00C04F79EFBC}") = "Tyuiu.GoogeRA.Sprint0.Task2.V0.Lib", "Tyuiu.GoogeRA.Sprint0.Task2.V0.Lib\Tyuiu.GoogeRA.Sprint0.Task2.V0.Lib.csproj", "{9E6687CA-2A7B-48E5-AEEE-19AB8AD7361E}"
EndProject
Project("{FAE04EC0-301F-11D3-BF4B-00C04F79EFBC}") = "Tyuiu.GoogeRA.Sprint0.Task2.V0.Test", "Tyuiu.GoogeRA.Sprint0.Task2.V0.Test\Tyuiu.GoogeRA.Sprint0.Task2.V0.Test.csproj", "{7EB90D0D-9ACC-4D6F-A230-BC6460B98641}"
EndProject
Project("{2150E333-8FDC-42A3-9474-1A3956D46DE8}") = "Task3", "Task3", "{B1D174C3-4A26-4755-90FF-155B618665DA}"
EndProject
Project("{FAE04EC0-301F-11D3-BF4B-00C04F79EFBC}") = "Tyuiu.GoogeRA.Sprint0.Task3.V0.Test", "Tyuiu.GoogeRA.Sprint0.Task3.V0.Test\Tyuiu.GoogeRA.Sprint0.Task3.V0.Test.csproj", "{1824C631-9F3F-443D-BEFE-4D96DFDE3958}"
EndProject
Project("{FAE04EC0-301F-11D3-BF4B-00C04F79EFBC}") = "Tyuiu.GoogeRA.Sprint0.Task3.V0", "Tyuiu.GoogeRA.Sprint0.Task3.V0\Tyuiu.GoogeRA.Sprint0.Task3.V0.csproj", "{07B9ED7B-1A8E-41C6-AE9B-8E03EA975392}"
EndProject
Project("{FAE04EC0-301F-11D3-BF4B-00C04F79EFBC}") = "Tyuiu.GoogeRA.Sprint0.Task3.V0.Lib", "Tyuiu.GoogeRA.Sprint0.Task3.V0.Lib\Tyuiu.GoogeRA.Sprint0.Task3.V0.Lib.csproj", "{1C026145-0C62-47BE-9A7B-4D54F95FD2AE}"
EndProject
Global
	GlobalSection(SolutionConfigurationPlatforms) = preSolution
		Debug|Any CPU = Debug|Any CPU
		Release|Any CPU = Release|Any CPU
	EndGlobalSection
	GlobalSection(ProjectConfigurationPlatforms) = postSolution
		{6C052A9D-11FD-4856-9566-642E67A09F0E}.Debug|Any CPU.ActiveCfg = Debug|Any CPU
		{6C052A9D-11FD-4856-9566-642E67A09F0E}.Debug|Any CPU.Build.0 = Debug|Any CPU
		{6C052A9D-11FD-4856-9566-642E67A09F0E}.Release|Any CPU.ActiveCfg = Release|Any CPU
		{6C052A9D-11FD-4856-9566-642E67A09F0E}.Release|Any CPU.Build.0 = Release|Any CPU
		{5995DE6C-5ED6-4564-BF1E-BEE1C3BF678E}.Debug|Any CPU.ActiveCfg = Debug|Any CPU
		{5995DE6C-5ED6-4564-BF1E-BEE1C3BF678E}.Debug|Any CPU.Build.0 = Debug|Any CPU
		{5995DE6C-5ED6-4564-BF1E-BEE1C3BF678E}.Release|Any CPU.ActiveCfg = Release|Any CPU
		{5995DE6C-5ED6-4564-BF1E-BEE1C3BF678E}.Release|Any CPU.Build.0 = Release|Any CPU
		{799942A7-EC81-4579-93B1-421A1667E7E8}.Debug|Any CPU.ActiveCfg = Debug|Any CPU
		{799942A7-EC81-4579-93B1-421A1667E7E8}.Debug|Any CPU.Build.0 = Debug|Any CPU
		{799942A7-EC81-4579-93B1-421A1667E7E8}.Release|Any CPU.ActiveCfg = Release|Any CPU
		{799942A7-EC81-4579-93B1-421A1667E7E8}.Release|Any CPU.Build.0 = Release|Any CPU
		{9E6687CA-2A7B-48E5-AEEE-19AB8AD7361E}.Debug|Any CPU.ActiveCfg = Debug|Any CPU
		{9E6687CA-2A7B-48E5-AEEE-19AB8AD7361E}.Debug|Any CPU.Build.0 = Debug|Any CPU
		{9E6687CA-2A7B-48E5-AEEE-19AB8AD7361E}.Release|Any CPU.ActiveCfg = Release|Any CPU
		{9E6687CA-2A7B-48E5-AEEE-19AB8AD7361E}.Release|Any CPU.Build.0 = Release|Any CPU
		{7EB90D0D-9ACC-4D6F-A230-BC6460B98641}.Debug|Any CPU.ActiveCfg = Debug|Any CPU
		{7EB90D0D-9ACC-4D6F-A230-BC6460B98641}.Debug|Any CPU.Build.0 = Debug|Any CPU
		{7EB90D0D-9ACC-4D6F-A230-BC6460B98641}.Release|Any CPU.ActiveCfg = Release|Any CPU
		{7EB90D0D-9ACC-4D6F-A230-BC6460B98641}.Release|Any CPU.Build.0 = Release|Any CPU
		{1824C631-9F3F-443D-BEFE-4D96DFDE3958}.Debug|Any CPU.ActiveCfg = Debug|Any CPU
		{1824C631-9F3F-443D-BEFE-4D96DFDE3958}.Debug|Any CPU.Build.0 = Debug|Any CPU
		{1824C631-9F3F-443D-BEFE-4D96DFDE3958}.Release|Any CPU.ActiveCfg = Release|Any CPU
		{1824C631-9F3F-443D-BEFE-4D96DFDE3958}.Release|Any CPU.Build.0 = Release|Any CPU
		{07B9ED7B-1A8E-41C6-AE9B-8E03EA975392}.Debug|Any CPU.ActiveCfg = Debug|Any CPU
		{07B9ED7B-1A8E-41C6-AE9B-8E03EA975392}.Debug|Any CPU.Build.0 = Debug|Any CPU
		{07B9ED7B-1A8E-41C6-AE9B-8E03EA975392}.Release|Any CPU.ActiveCfg = Release|Any CPU
		{07B9ED7B-1A8E-41C6-AE9B-8E03EA975392}.Release|Any CPU.Build.0 = Release|Any CPU
		{1C026145-0C62-47BE-9A7B-4D54F95FD2AE}.Debug|Any CPU.ActiveCfg = Debug|Any CPU
		{1C026145-0C62-47BE-9A7B-4D54F95FD2AE}.Debug|Any CPU.Build.0 = Debug|Any CPU
		{1C026145-0C62-47BE-9A7B-4D54F95FD2AE}.Release|Any CPU.ActiveCfg = Release|Any CPU
		{1C026145-0C62-47BE-9A7B-4D54F95FD2AE}.Release|Any CPU.Build.0 = Release|Any CPU
	EndGlobalSection
	GlobalSection(SolutionProperties) = preSolution
		HideSolutionNode = FALSE
	EndGlobalSection
	GlobalSection(NestedProjects) = preSolution
		{6C052A9D-11FD-4856-9566-642E67A09F0E} = {5EF27E06-B536-4B2D-8CEA-02BB77E235F9}
		{5995DE6C-5ED6-4564-BF1E-BEE1C3BF678E} = {A5DAF1EA-CCA2-44D0-BF5F-B800F9A9AA30}
		{799942A7-EC81-4579-93B1-421A1667E7E8} = {614601E2-F8D6-4330-ABE3-CB736D6ECB29}
		{9E6687CA-2A7B-48E5-AEEE-19AB8AD7361E} = {614601E2-F8D6-4330-ABE3-CB736D6ECB29}
		{7EB90D0D-9ACC-4D6F-A230-BC6460B98641} = {614601E2-F8D6-4330-ABE3-CB736D6ECB29}
		{1824C631-9F3F-443D-BEFE-4D96DFDE3958} = {B1D174C3-4A26-4755-90FF-155B618665DA}
		{07B9ED7B-1A8E-41C6-AE9B-8E03EA975392} = {B1D174C3-4A26-4755-90FF-155B618665DA}
		{1C026145-0C62-47BE-9A7B-4D54F95FD2AE} = {B1D174C3-4A26-4755-90FF-155B618665DA}
	EndGlobalSection
	GlobalSection(ExtensibilityGlobals) = postSolution
		SolutionGuid = {09FC2946-0279-4297-8AFD-3052360D2954}
	EndGlobalSection
EndGlobal
